
Microsoft Visual Studio Solution File, Format Version 12.00
# Visual Studio 15
VisualStudioVersion = 15.0.27703.2026
MinimumVisualStudioVersion = 10.0.40219.1
Project("{FAE04EC0-301F-11D3-BF4B-00C04F79EFBC}") = "AIRIS", "AIRIS\AIRIS.csproj", "{C53EE7F2-47B0-4864-8F23-C0B0E928272F}"
EndProject
Project("{FAE04EC0-301F-11D3-BF4B-00C04F79EFBC}") = "AIRIS.Tests", "AIRIS.Tests\AIRIS.Tests.csproj", "{57CB6742-D0A4-433F-B21D-D20FFF33DD16}"
EndProject
Global
	GlobalSection(SolutionConfigurationPlatforms) = preSolution
		Debug|Any CPU = Debug|Any CPU
		Release|Any CPU = Release|Any CPU
	EndGlobalSection
	GlobalSection(ProjectConfigurationPlatforms) = postSolution
		{C53EE7F2-47B0-4864-8F23-C0B0E928272F}.Debug|Any CPU.ActiveCfg = Debug|Any CPU
		{C53EE7F2-47B0-4864-8F23-C0B0E928272F}.Debug|Any CPU.Build.0 = Debug|Any CPU
		{C53EE7F2-47B0-4864-8F23-C0B0E928272F}.Release|Any CPU.ActiveCfg = Release|Any CPU
		{C53EE7F2-47B0-4864-8F23-C0B0E928272F}.Release|Any CPU.Build.0 = Release|Any CPU
		{57CB6742-D0A4-433F-B21D-D20FFF33DD16}.Debug|Any CPU.ActiveCfg = Debug|Any CPU
		{57CB6742-D0A4-433F-B21D-D20FFF33DD16}.Debug|Any CPU.Build.0 = Debug|Any CPU
		{57CB6742-D0A4-433F-B21D-D20FFF33DD16}.Release|Any CPU.ActiveCfg = Release|Any CPU
		{57CB6742-D0A4-433F-B21D-D20FFF33DD16}.Release|Any CPU.Build.0 = Release|Any CPU
	EndGlobalSection
	GlobalSection(SolutionProperties) = preSolution
		HideSolutionNode = FALSE
	EndGlobalSection
	GlobalSection(ExtensibilityGlobals) = postSolution
		SolutionGuid = {994DF917-E6C9-40FC-87F1-32AC75B20B3E}
	EndGlobalSection
EndGlobal
